
Microsoft Visual Studio Solution File, Format Version 12.00
# Visual Studio Version 17
VisualStudioVersion = 17.14.36511.14 d17.14
MinimumVisualStudioVersion = 10.0.40219.1
Project("{FAE04EC0-301F-11D3-BF4B-00C04F79EFBC}") = "Wpf2", "Wpf2\Wpf2.csproj", "{9458A97C-2604-416D-8F89-5272CA04ECC0}"
EndProject
Global
	GlobalSection(SolutionConfigurationPlatforms) = preSolution
		Debug|Any CPU = Debug|Any CPU
		Release|Any CPU = Release|Any CPU
	EndGlobalSection
	GlobalSection(ProjectConfigurationPlatforms) = postSolution
		{9458A97C-2604-416D-8F89-5272CA04ECC0}.Debug|Any CPU.ActiveCfg = Debug|Any CPU
		{9458A97C-2604-416D-8F89-5272CA04ECC0}.Debug|Any CPU.Build.0 = Debug|Any CPU
		{9458A97C-2604-416D-8F89-5272CA04ECC0}.Release|Any CPU.ActiveCfg = Release|Any CPU
		{9458A97C-2604-416D-8F89-5272CA04ECC0}.Release|Any CPU.Build.0 = Release|Any CPU
	EndGlobalSection
	GlobalSection(SolutionProperties) = preSolution
		HideSolutionNode = FALSE
	EndGlobalSection
	GlobalSection(ExtensibilityGlobals) = postSolution
		SolutionGuid = {C6146995-7D02-4379-B810-F4E3C0C41DE2}
	EndGlobalSection
EndGlobal
