
Microsoft Visual Studio Solution File, Format Version 12.00
# Visual Studio Version 17
VisualStudioVersion = 17.14.36511.14 d17.14
MinimumVisualStudioVersion = 10.0.40219.1
Project("{FAE04EC0-301F-11D3-BF4B-00C04F79EFBC}") = "WpfApp1", "WpfApp1\WpfApp1.csproj", "{CF25F8D9-2C42-4808-A7B5-44C1D0216C2D}"
EndProject
Global
	GlobalSection(SolutionConfigurationPlatforms) = preSolution
		Debug|Any CPU = Debug|Any CPU
		Release|Any CPU = Release|Any CPU
	EndGlobalSection
	GlobalSection(ProjectConfigurationPlatforms) = postSolution
		{CF25F8D9-2C42-4808-A7B5-44C1D0216C2D}.Debug|Any CPU.ActiveCfg = Debug|Any CPU
		{CF25F8D9-2C42-4808-A7B5-44C1D0216C2D}.Debug|Any CPU.Build.0 = Debug|Any CPU
		{CF25F8D9-2C42-4808-A7B5-44C1D0216C2D}.Release|Any CPU.ActiveCfg = Release|Any CPU
		{CF25F8D9-2C42-4808-A7B5-44C1D0216C2D}.Release|Any CPU.Build.0 = Release|Any CPU
	EndGlobalSection
	GlobalSection(SolutionProperties) = preSolution
		HideSolutionNode = FALSE
	EndGlobalSection
	GlobalSection(ExtensibilityGlobals) = postSolution
		SolutionGuid = {35D98413-0FAA-4446-A1FF-CC2A80251713}
	EndGlobalSection
EndGlobal
