
Microsoft Visual Studio Solution File, Format Version 12.00
# Visual Studio Version 17
VisualStudioVersion = 17.14.36511.14 d17.14
MinimumVisualStudioVersion = 10.0.40219.1
Project("{FAE04EC0-301F-11D3-BF4B-00C04F79EFBC}") = "ejercicio9", "ejercicio9\ejercicio9.csproj", "{92EA5E78-9497-4843-99F6-24D33CC3F362}"
EndProject
Global
	GlobalSection(SolutionConfigurationPlatforms) = preSolution
		Debug|Any CPU = Debug|Any CPU
		Release|Any CPU = Release|Any CPU
	EndGlobalSection
	GlobalSection(ProjectConfigurationPlatforms) = postSolution
		{92EA5E78-9497-4843-99F6-24D33CC3F362}.Debug|Any CPU.ActiveCfg = Debug|Any CPU
		{92EA5E78-9497-4843-99F6-24D33CC3F362}.Debug|Any CPU.Build.0 = Debug|Any CPU
		{92EA5E78-9497-4843-99F6-24D33CC3F362}.Release|Any CPU.ActiveCfg = Release|Any CPU
		{92EA5E78-9497-4843-99F6-24D33CC3F362}.Release|Any CPU.Build.0 = Release|Any CPU
	EndGlobalSection
	GlobalSection(SolutionProperties) = preSolution
		HideSolutionNode = FALSE
	EndGlobalSection
	GlobalSection(ExtensibilityGlobals) = postSolution
		SolutionGuid = {6C5B3C65-4685-4B52-B2EF-EAEB1AE14440}
	EndGlobalSection
EndGlobal
