
Microsoft Visual Studio Solution File, Format Version 12.00
# Visual Studio Version 17
VisualStudioVersion = 17.14.36511.14 d17.14
MinimumVisualStudioVersion = 10.0.40219.1
Project("{FAE04EC0-301F-11D3-BF4B-00C04F79EFBC}") = "WpfApp1", "WpfApp1\WpfApp1.csproj", "{5C6E9D61-09C9-4C2B-A161-8AEFA87F6593}"
EndProject
Global
	GlobalSection(SolutionConfigurationPlatforms) = preSolution
		Debug|Any CPU = Debug|Any CPU
		Release|Any CPU = Release|Any CPU
	EndGlobalSection
	GlobalSection(ProjectConfigurationPlatforms) = postSolution
		{5C6E9D61-09C9-4C2B-A161-8AEFA87F6593}.Debug|Any CPU.ActiveCfg = Debug|Any CPU
		{5C6E9D61-09C9-4C2B-A161-8AEFA87F6593}.Debug|Any CPU.Build.0 = Debug|Any CPU
		{5C6E9D61-09C9-4C2B-A161-8AEFA87F6593}.Release|Any CPU.ActiveCfg = Release|Any CPU
		{5C6E9D61-09C9-4C2B-A161-8AEFA87F6593}.Release|Any CPU.Build.0 = Release|Any CPU
	EndGlobalSection
	GlobalSection(SolutionProperties) = preSolution
		HideSolutionNode = FALSE
	EndGlobalSection
	GlobalSection(ExtensibilityGlobals) = postSolution
		SolutionGuid = {2B629DEC-51A9-413D-9139-9E04A964DB83}
	EndGlobalSection
EndGlobal
