
Microsoft Visual Studio Solution File, Format Version 12.00
# Visual Studio Version 17
VisualStudioVersion = 17.14.36511.14 d17.14
MinimumVisualStudioVersion = 10.0.40219.1
Project("{FAE04EC0-301F-11D3-BF4B-00C04F79EFBC}") = "WpfApp3", "WpfApp3\WpfApp3.csproj", "{527B5F9C-D0D9-4CEE-A58C-515685A9BBAD}"
EndProject
Global
	GlobalSection(SolutionConfigurationPlatforms) = preSolution
		Debug|Any CPU = Debug|Any CPU
		Release|Any CPU = Release|Any CPU
	EndGlobalSection
	GlobalSection(ProjectConfigurationPlatforms) = postSolution
		{527B5F9C-D0D9-4CEE-A58C-515685A9BBAD}.Debug|Any CPU.ActiveCfg = Debug|Any CPU
		{527B5F9C-D0D9-4CEE-A58C-515685A9BBAD}.Debug|Any CPU.Build.0 = Debug|Any CPU
		{527B5F9C-D0D9-4CEE-A58C-515685A9BBAD}.Release|Any CPU.ActiveCfg = Release|Any CPU
		{527B5F9C-D0D9-4CEE-A58C-515685A9BBAD}.Release|Any CPU.Build.0 = Release|Any CPU
	EndGlobalSection
	GlobalSection(SolutionProperties) = preSolution
		HideSolutionNode = FALSE
	EndGlobalSection
	GlobalSection(ExtensibilityGlobals) = postSolution
		SolutionGuid = {D256994E-656D-4CB3-BDB9-E69AB92B10A6}
	EndGlobalSection
EndGlobal
