
Microsoft Visual Studio Solution File, Format Version 12.00
# Visual Studio Version 17
VisualStudioVersion = 17.14.36511.14 d17.14
MinimumVisualStudioVersion = 10.0.40219.1
Project("{FAE04EC0-301F-11D3-BF4B-00C04F79EFBC}") = "WpfApp3", "WpfApp3\WpfApp3.csproj", "{FB2EEC93-2112-470E-99BD-22B4722331B3}"
EndProject
Global
	GlobalSection(SolutionConfigurationPlatforms) = preSolution
		Debug|Any CPU = Debug|Any CPU
		Release|Any CPU = Release|Any CPU
	EndGlobalSection
	GlobalSection(ProjectConfigurationPlatforms) = postSolution
		{FB2EEC93-2112-470E-99BD-22B4722331B3}.Debug|Any CPU.ActiveCfg = Debug|Any CPU
		{FB2EEC93-2112-470E-99BD-22B4722331B3}.Debug|Any CPU.Build.0 = Debug|Any CPU
		{FB2EEC93-2112-470E-99BD-22B4722331B3}.Release|Any CPU.ActiveCfg = Release|Any CPU
		{FB2EEC93-2112-470E-99BD-22B4722331B3}.Release|Any CPU.Build.0 = Release|Any CPU
	EndGlobalSection
	GlobalSection(SolutionProperties) = preSolution
		HideSolutionNode = FALSE
	EndGlobalSection
	GlobalSection(ExtensibilityGlobals) = postSolution
		SolutionGuid = {0C110679-DE54-440C-82F0-1447097D2DA9}
	EndGlobalSection
EndGlobal
