
Microsoft Visual Studio Solution File, Format Version 12.00
# Visual Studio Version 17
VisualStudioVersion = 17.14.36511.14 d17.14
MinimumVisualStudioVersion = 10.0.40219.1
Project("{FAE04EC0-301F-11D3-BF4B-00C04F79EFBC}") = "Wpf4", "Wpf4\Wpf4.csproj", "{A9FD8481-4EE2-48DE-AD61-F7FBE8939E5D}"
EndProject
Global
	GlobalSection(SolutionConfigurationPlatforms) = preSolution
		Debug|Any CPU = Debug|Any CPU
		Release|Any CPU = Release|Any CPU
	EndGlobalSection
	GlobalSection(ProjectConfigurationPlatforms) = postSolution
		{A9FD8481-4EE2-48DE-AD61-F7FBE8939E5D}.Debug|Any CPU.ActiveCfg = Debug|Any CPU
		{A9FD8481-4EE2-48DE-AD61-F7FBE8939E5D}.Debug|Any CPU.Build.0 = Debug|Any CPU
		{A9FD8481-4EE2-48DE-AD61-F7FBE8939E5D}.Release|Any CPU.ActiveCfg = Release|Any CPU
		{A9FD8481-4EE2-48DE-AD61-F7FBE8939E5D}.Release|Any CPU.Build.0 = Release|Any CPU
	EndGlobalSection
	GlobalSection(SolutionProperties) = preSolution
		HideSolutionNode = FALSE
	EndGlobalSection
	GlobalSection(ExtensibilityGlobals) = postSolution
		SolutionGuid = {F54215F2-B646-4B11-8B91-9118508A26CB}
	EndGlobalSection
EndGlobal
