
Microsoft Visual Studio Solution File, Format Version 12.00
# Visual Studio Version 17
VisualStudioVersion = 17.14.36511.14 d17.14
MinimumVisualStudioVersion = 10.0.40219.1
Project("{FAE04EC0-301F-11D3-BF4B-00C04F79EFBC}") = "WpfApp2", "WpfApp2\WpfApp2.csproj", "{0D022532-E969-40DD-B7B7-4F7566BBB9D0}"
EndProject
Global
	GlobalSection(SolutionConfigurationPlatforms) = preSolution
		Debug|Any CPU = Debug|Any CPU
		Release|Any CPU = Release|Any CPU
	EndGlobalSection
	GlobalSection(ProjectConfigurationPlatforms) = postSolution
		{0D022532-E969-40DD-B7B7-4F7566BBB9D0}.Debug|Any CPU.ActiveCfg = Debug|Any CPU
		{0D022532-E969-40DD-B7B7-4F7566BBB9D0}.Debug|Any CPU.Build.0 = Debug|Any CPU
		{0D022532-E969-40DD-B7B7-4F7566BBB9D0}.Release|Any CPU.ActiveCfg = Release|Any CPU
		{0D022532-E969-40DD-B7B7-4F7566BBB9D0}.Release|Any CPU.Build.0 = Release|Any CPU
	EndGlobalSection
	GlobalSection(SolutionProperties) = preSolution
		HideSolutionNode = FALSE
	EndGlobalSection
	GlobalSection(ExtensibilityGlobals) = postSolution
		SolutionGuid = {CB56A73D-766F-4D8C-8305-1FB0BFF5E954}
	EndGlobalSection
EndGlobal
