
Microsoft Visual Studio Solution File, Format Version 12.00
# Visual Studio Version 17
VisualStudioVersion = 17.14.36511.14 d17.14
MinimumVisualStudioVersion = 10.0.40219.1
Project("{FAE04EC0-301F-11D3-BF4B-00C04F79EFBC}") = "ejercicio1", "ejercicio1\ejercicio1.csproj", "{0EBA7330-5FD1-43F5-B208-C1A32C312B60}"
EndProject
Global
	GlobalSection(SolutionConfigurationPlatforms) = preSolution
		Debug|Any CPU = Debug|Any CPU
		Release|Any CPU = Release|Any CPU
	EndGlobalSection
	GlobalSection(ProjectConfigurationPlatforms) = postSolution
		{0EBA7330-5FD1-43F5-B208-C1A32C312B60}.Debug|Any CPU.ActiveCfg = Debug|Any CPU
		{0EBA7330-5FD1-43F5-B208-C1A32C312B60}.Debug|Any CPU.Build.0 = Debug|Any CPU
		{0EBA7330-5FD1-43F5-B208-C1A32C312B60}.Release|Any CPU.ActiveCfg = Release|Any CPU
		{0EBA7330-5FD1-43F5-B208-C1A32C312B60}.Release|Any CPU.Build.0 = Release|Any CPU
	EndGlobalSection
	GlobalSection(SolutionProperties) = preSolution
		HideSolutionNode = FALSE
	EndGlobalSection
	GlobalSection(ExtensibilityGlobals) = postSolution
		SolutionGuid = {B17B4A68-C16E-4270-8592-B8A1310A4A01}
	EndGlobalSection
EndGlobal
