
Microsoft Visual Studio Solution File, Format Version 12.00
# Visual Studio Version 17
VisualStudioVersion = 17.14.36518.9 d17.14
MinimumVisualStudioVersion = 10.0.40219.1
Project("{FAE04EC0-301F-11D3-BF4B-00C04F79EFBC}") = "ejercicio4", "ejercicio4\ejercicio4.csproj", "{5BF98718-6C25-461F-AF1C-FE8F8D2172C9}"
EndProject
Global
	GlobalSection(SolutionConfigurationPlatforms) = preSolution
		Debug|Any CPU = Debug|Any CPU
		Release|Any CPU = Release|Any CPU
	EndGlobalSection
	GlobalSection(ProjectConfigurationPlatforms) = postSolution
		{5BF98718-6C25-461F-AF1C-FE8F8D2172C9}.Debug|Any CPU.ActiveCfg = Debug|Any CPU
		{5BF98718-6C25-461F-AF1C-FE8F8D2172C9}.Debug|Any CPU.Build.0 = Debug|Any CPU
		{5BF98718-6C25-461F-AF1C-FE8F8D2172C9}.Release|Any CPU.ActiveCfg = Release|Any CPU
		{5BF98718-6C25-461F-AF1C-FE8F8D2172C9}.Release|Any CPU.Build.0 = Release|Any CPU
	EndGlobalSection
	GlobalSection(SolutionProperties) = preSolution
		HideSolutionNode = FALSE
	EndGlobalSection
	GlobalSection(ExtensibilityGlobals) = postSolution
		SolutionGuid = {876BCFC6-7B1B-4342-B587-ADC78237F02B}
	EndGlobalSection
EndGlobal
