
Microsoft Visual Studio Solution File, Format Version 12.00
# Visual Studio Version 17
VisualStudioVersion = 17.14.36511.14 d17.14
MinimumVisualStudioVersion = 10.0.40219.1
Project("{FAE04EC0-301F-11D3-BF4B-00C04F79EFBC}") = "Conexion2", "Conexion2\Conexion2.csproj", "{42CA3B36-C47A-484F-84A3-0A71FD2D39A3}"
EndProject
Global
	GlobalSection(SolutionConfigurationPlatforms) = preSolution
		Debug|Any CPU = Debug|Any CPU
		Release|Any CPU = Release|Any CPU
	EndGlobalSection
	GlobalSection(ProjectConfigurationPlatforms) = postSolution
		{42CA3B36-C47A-484F-84A3-0A71FD2D39A3}.Debug|Any CPU.ActiveCfg = Debug|Any CPU
		{42CA3B36-C47A-484F-84A3-0A71FD2D39A3}.Debug|Any CPU.Build.0 = Debug|Any CPU
		{42CA3B36-C47A-484F-84A3-0A71FD2D39A3}.Release|Any CPU.ActiveCfg = Release|Any CPU
		{42CA3B36-C47A-484F-84A3-0A71FD2D39A3}.Release|Any CPU.Build.0 = Release|Any CPU
	EndGlobalSection
	GlobalSection(SolutionProperties) = preSolution
		HideSolutionNode = FALSE
	EndGlobalSection
	GlobalSection(ExtensibilityGlobals) = postSolution
		SolutionGuid = {C38C22B9-45FD-4492-8816-78A36ADE63FC}
	EndGlobalSection
EndGlobal
