
Microsoft Visual Studio Solution File, Format Version 12.00
# Visual Studio Version 17
VisualStudioVersion = 17.14.36511.14 d17.14
MinimumVisualStudioVersion = 10.0.40219.1
Project("{FAE04EC0-301F-11D3-BF4B-00C04F79EFBC}") = "NivelAvanzado", "NivelAvanzado\NivelAvanzado.csproj", "{A1BA5DE3-64AA-4F10-97D9-8541CDD3E5DA}"
EndProject
Global
	GlobalSection(SolutionConfigurationPlatforms) = preSolution
		Debug|Any CPU = Debug|Any CPU
		Release|Any CPU = Release|Any CPU
	EndGlobalSection
	GlobalSection(ProjectConfigurationPlatforms) = postSolution
		{A1BA5DE3-64AA-4F10-97D9-8541CDD3E5DA}.Debug|Any CPU.ActiveCfg = Debug|Any CPU
		{A1BA5DE3-64AA-4F10-97D9-8541CDD3E5DA}.Debug|Any CPU.Build.0 = Debug|Any CPU
		{A1BA5DE3-64AA-4F10-97D9-8541CDD3E5DA}.Release|Any CPU.ActiveCfg = Release|Any CPU
		{A1BA5DE3-64AA-4F10-97D9-8541CDD3E5DA}.Release|Any CPU.Build.0 = Release|Any CPU
	EndGlobalSection
	GlobalSection(SolutionProperties) = preSolution
		HideSolutionNode = FALSE
	EndGlobalSection
	GlobalSection(ExtensibilityGlobals) = postSolution
		SolutionGuid = {5F2C54A0-0FF2-4B05-B523-4B8583E0811D}
	EndGlobalSection
EndGlobal
