
Microsoft Visual Studio Solution File, Format Version 12.00
# Visual Studio Version 17
VisualStudioVersion = 17.14.36511.14 d17.14
MinimumVisualStudioVersion = 10.0.40219.1
Project("{FAE04EC0-301F-11D3-BF4B-00C04F79EFBC}") = "Wpf4", "Wpf4\Wpf4.csproj", "{74533E66-DEAC-4136-BEC3-C5FC610FEBD7}"
EndProject
Global
	GlobalSection(SolutionConfigurationPlatforms) = preSolution
		Debug|Any CPU = Debug|Any CPU
		Release|Any CPU = Release|Any CPU
	EndGlobalSection
	GlobalSection(ProjectConfigurationPlatforms) = postSolution
		{74533E66-DEAC-4136-BEC3-C5FC610FEBD7}.Debug|Any CPU.ActiveCfg = Debug|Any CPU
		{74533E66-DEAC-4136-BEC3-C5FC610FEBD7}.Debug|Any CPU.Build.0 = Debug|Any CPU
		{74533E66-DEAC-4136-BEC3-C5FC610FEBD7}.Release|Any CPU.ActiveCfg = Release|Any CPU
		{74533E66-DEAC-4136-BEC3-C5FC610FEBD7}.Release|Any CPU.Build.0 = Release|Any CPU
	EndGlobalSection
	GlobalSection(SolutionProperties) = preSolution
		HideSolutionNode = FALSE
	EndGlobalSection
	GlobalSection(ExtensibilityGlobals) = postSolution
		SolutionGuid = {09F73647-373F-49B3-AEC8-5FBA4D41D663}
	EndGlobalSection
EndGlobal
